
Microsoft Visual Studio Solution File, Format Version 12.00
# Visual Studio Version 17
VisualStudioVersion = 17.6.33829.357
MinimumVisualStudioVersion = 10.0.40219.1
Project("{9A19103F-16F7-4668-BE54-9A1E7A4F7556}") = "LTUD1_BT_WINFORM", "LTUD1_BT_WINFORM\LTUD1_BT_WINFORM.csproj", "{7DB8FE6A-1C86-49C6-A4EC-47AC13240F9B}"
EndProject
Project("{2150E333-8FDC-42A3-9474-1A3956D46DE8}") = "Solution Items", "Solution Items", "{B7C8539E-DE30-42C1-B4DB-03AA90D3593A}"
	ProjectSection(SolutionItems) = preProject
		.editorconfig = .editorconfig
	EndProjectSection
EndProject
Global
	GlobalSection(SolutionConfigurationPlatforms) = preSolution
		Debug|Any CPU = Debug|Any CPU
		Release|Any CPU = Release|Any CPU
	EndGlobalSection
	GlobalSection(ProjectConfigurationPlatforms) = postSolution
		{7DB8FE6A-1C86-49C6-A4EC-47AC13240F9B}.Debug|Any CPU.ActiveCfg = Debug|Any CPU
		{7DB8FE6A-1C86-49C6-A4EC-47AC13240F9B}.Debug|Any CPU.Build.0 = Debug|Any CPU
		{7DB8FE6A-1C86-49C6-A4EC-47AC13240F9B}.Release|Any CPU.ActiveCfg = Release|Any CPU
		{7DB8FE6A-1C86-49C6-A4EC-47AC13240F9B}.Release|Any CPU.Build.0 = Release|Any CPU
	EndGlobalSection
	GlobalSection(SolutionProperties) = preSolution
		HideSolutionNode = FALSE
	EndGlobalSection
	GlobalSection(ExtensibilityGlobals) = postSolution
		SolutionGuid = {EA70579C-6FA7-448A-B7BF-CF5A3D90649E}
	EndGlobalSection
EndGlobal
